
Microsoft Visual Studio Solution File, Format Version 12.00
# Visual Studio 15
VisualStudioVersion = 15.0.26124.0
MinimumVisualStudioVersion = 15.0.26124.0
Project("{FAE04EC0-301F-11D3-BF4B-00C04F79EFBC}") = "CheckoutTechTest.WebApi", "CheckoutTechTest.WebApi\CheckoutTechTest.WebApi.csproj", "{DA574BA0-B575-4D8D-895E-49F08B3F94EF}"
EndProject
Project("{FAE04EC0-301F-11D3-BF4B-00C04F79EFBC}") = "CheckoutTechTest.WebApi.Tests", "CheckoutTechTest.WebApi.Tests\CheckoutTechTest.WebApi.Tests.csproj", "{86D7C5C1-E77B-4184-A236-6C41A3365395}"
EndProject
Project("{FAE04EC0-301F-11D3-BF4B-00C04F79EFBC}") = "CheckoutTechTest.WebApi.E2E", "CheckoutTechTest.WebApi.E2E\CheckoutTechTest.WebApi.E2E.csproj", "{63BDDA9A-2422-4343-9139-18300C52E03F}"
EndProject
Global
	GlobalSection(SolutionConfigurationPlatforms) = preSolution
		Debug|Any CPU = Debug|Any CPU
		Debug|x64 = Debug|x64
		Debug|x86 = Debug|x86
		Release|Any CPU = Release|Any CPU
		Release|x64 = Release|x64
		Release|x86 = Release|x86
	EndGlobalSection
	GlobalSection(SolutionProperties) = preSolution
		HideSolutionNode = FALSE
	EndGlobalSection
	GlobalSection(ProjectConfigurationPlatforms) = postSolution
		{DA574BA0-B575-4D8D-895E-49F08B3F94EF}.Debug|Any CPU.ActiveCfg = Debug|Any CPU
		{DA574BA0-B575-4D8D-895E-49F08B3F94EF}.Debug|Any CPU.Build.0 = Debug|Any CPU
		{DA574BA0-B575-4D8D-895E-49F08B3F94EF}.Debug|x64.ActiveCfg = Debug|Any CPU
		{DA574BA0-B575-4D8D-895E-49F08B3F94EF}.Debug|x64.Build.0 = Debug|Any CPU
		{DA574BA0-B575-4D8D-895E-49F08B3F94EF}.Debug|x86.ActiveCfg = Debug|Any CPU
		{DA574BA0-B575-4D8D-895E-49F08B3F94EF}.Debug|x86.Build.0 = Debug|Any CPU
		{DA574BA0-B575-4D8D-895E-49F08B3F94EF}.Release|Any CPU.ActiveCfg = Release|Any CPU
		{DA574BA0-B575-4D8D-895E-49F08B3F94EF}.Release|Any CPU.Build.0 = Release|Any CPU
		{DA574BA0-B575-4D8D-895E-49F08B3F94EF}.Release|x64.ActiveCfg = Release|Any CPU
		{DA574BA0-B575-4D8D-895E-49F08B3F94EF}.Release|x64.Build.0 = Release|Any CPU
		{DA574BA0-B575-4D8D-895E-49F08B3F94EF}.Release|x86.ActiveCfg = Release|Any CPU
		{DA574BA0-B575-4D8D-895E-49F08B3F94EF}.Release|x86.Build.0 = Release|Any CPU
		{86D7C5C1-E77B-4184-A236-6C41A3365395}.Debug|Any CPU.ActiveCfg = Debug|Any CPU
		{86D7C5C1-E77B-4184-A236-6C41A3365395}.Debug|Any CPU.Build.0 = Debug|Any CPU
		{86D7C5C1-E77B-4184-A236-6C41A3365395}.Debug|x64.ActiveCfg = Debug|Any CPU
		{86D7C5C1-E77B-4184-A236-6C41A3365395}.Debug|x64.Build.0 = Debug|Any CPU
		{86D7C5C1-E77B-4184-A236-6C41A3365395}.Debug|x86.ActiveCfg = Debug|Any CPU
		{86D7C5C1-E77B-4184-A236-6C41A3365395}.Debug|x86.Build.0 = Debug|Any CPU
		{86D7C5C1-E77B-4184-A236-6C41A3365395}.Release|Any CPU.ActiveCfg = Release|Any CPU
		{86D7C5C1-E77B-4184-A236-6C41A3365395}.Release|Any CPU.Build.0 = Release|Any CPU
		{86D7C5C1-E77B-4184-A236-6C41A3365395}.Release|x64.ActiveCfg = Release|Any CPU
		{86D7C5C1-E77B-4184-A236-6C41A3365395}.Release|x64.Build.0 = Release|Any CPU
		{86D7C5C1-E77B-4184-A236-6C41A3365395}.Release|x86.ActiveCfg = Release|Any CPU
		{86D7C5C1-E77B-4184-A236-6C41A3365395}.Release|x86.Build.0 = Release|Any CPU
		{63BDDA9A-2422-4343-9139-18300C52E03F}.Debug|Any CPU.ActiveCfg = Debug|Any CPU
		{63BDDA9A-2422-4343-9139-18300C52E03F}.Debug|Any CPU.Build.0 = Debug|Any CPU
		{63BDDA9A-2422-4343-9139-18300C52E03F}.Debug|x64.ActiveCfg = Debug|Any CPU
		{63BDDA9A-2422-4343-9139-18300C52E03F}.Debug|x64.Build.0 = Debug|Any CPU
		{63BDDA9A-2422-4343-9139-18300C52E03F}.Debug|x86.ActiveCfg = Debug|Any CPU
		{63BDDA9A-2422-4343-9139-18300C52E03F}.Debug|x86.Build.0 = Debug|Any CPU
		{63BDDA9A-2422-4343-9139-18300C52E03F}.Release|Any CPU.ActiveCfg = Release|Any CPU
		{63BDDA9A-2422-4343-9139-18300C52E03F}.Release|Any CPU.Build.0 = Release|Any CPU
		{63BDDA9A-2422-4343-9139-18300C52E03F}.Release|x64.ActiveCfg = Release|Any CPU
		{63BDDA9A-2422-4343-9139-18300C52E03F}.Release|x64.Build.0 = Release|Any CPU
		{63BDDA9A-2422-4343-9139-18300C52E03F}.Release|x86.ActiveCfg = Release|Any CPU
		{63BDDA9A-2422-4343-9139-18300C52E03F}.Release|x86.Build.0 = Release|Any CPU
	EndGlobalSection
EndGlobal
